// !$*UTF8*$!
{
	archiveVersion = 1;
	classes = {
	};
	objectVersion = 55;
	objects = {

/* Begin PBXBuildFile section */
		FCA19B0D28157C700010BBD1 /* AppDelegate.swift in Sources */ = {isa = PBXBuildFile; fileRef = FCA19B0C28157C700010BBD1 /* AppDelegate.swift */; };
		FCA19B0F28157C700010BBD1 /* SceneDelegate.swift in Sources */ = {isa = PBXBuildFile; fileRef = FCA19B0E28157C700010BBD1 /* SceneDelegate.swift */; };
		FCA19B1128157C700010BBD1 /* ViewController.swift in Sources */ = {isa = PBXBuildFile; fileRef = FCA19B1028157C700010BBD1 /* ViewController.swift */; };
		FCA19B1428157C700010BBD1 /* Main.storyboard in Resources */ = {isa = PBXBuildFile; fileRef = FCA19B1228157C700010BBD1 /* Main.storyboard */; };
		FCA19B1628157C730010BBD1 /* Assets.xcassets in Resources */ = {isa = PBXBuildFile; fileRef = FCA19B1528157C730010BBD1 /* Assets.xcassets */; };
		FCA19B1928157C730010BBD1 /* LaunchScreen.storyboard in Resources */ = {isa = PBXBuildFile; fileRef = FCA19B1728157C730010BBD1 /* LaunchScreen.storyboard */; };
		FCA19B2228157E3A0010BBD1 /* ClippingBezier in Frameworks */ = {isa = PBXBuildFile; productRef = FCA19B2128157E3A0010BBD1 /* ClippingBezier */; };
		FCA19B2428157E920010BBD1 /* SamplePaths.swift in Sources */ = {isa = PBXBuildFile; fileRef = FCA19B2328157E920010BBD1 /* SamplePaths.swift */; };
/* End PBXBuildFile section */

/* Begin PBXFileReference section */
		FCA19B0928157C700010BBD1 /* SwiftClippingBez.app */ = {isa = PBXFileReference; explicitFileType = wrapper.application; includeInIndex = 0; path = SwiftClippingBez.app; sourceTree = BUILT_PRODUCTS_DIR; };
		FCA19B0C28157C700010BBD1 /* AppDelegate.swift */ = {isa = PBXFileReference; lastKnownFileType = sourcecode.swift; path = AppDelegate.swift; sourceTree = "<group>"; };
		FCA19B0E28157C700010BBD1 /* SceneDelegate.swift */ = {isa = PBXFileReference; lastKnownFileType = sourcecode.swift; path = SceneDelegate.swift; sourceTree = "<group>"; };
		FCA19B1028157C700010BBD1 /* ViewController.swift */ = {isa = PBXFileReference; lastKnownFileType = sourcecode.swift; path = ViewController.swift; sourceTree = "<group>"; };
		FCA19B1328157C700010BBD1 /* Base */ = {isa = PBXFileReference; lastKnownFileType = file.storyboard; name = Base; path = Base.lproj/Main.storyboard; sourceTree = "<group>"; };
		FCA19B1528157C730010BBD1 /* Assets.xcassets */ = {isa = PBXFileReference; lastKnownFileType = folder.assetcatalog; path = Assets.xcassets; sourceTree = "<group>"; };
		FCA19B1828157C730010BBD1 /* Base */ = {isa = PBXFileReference; lastKnownFileType = file.storyboard; name = Base; path = Base.lproj/LaunchScreen.storyboard; sourceTree = "<group>"; };
		FCA19B1A28157C730010BBD1 /* Info.plist */ = {isa = PBXFileReference; lastKnownFileType = text.plist.xml; path = Info.plist; sourceTree = "<group>"; };
		FCA19B2328157E920010BBD1 /* SamplePaths.swift */ = {isa = PBXFileReference; lastKnownFileType = sourcecode.swift; path = SamplePaths.swift; sourceTree = "<group>"; };
/* End PBXFileReference section */

/* Begin PBXFrameworksBuildPhase section */
		FCA19B0628157C700010BBD1 /* Frameworks */ = {
			isa = PBXFrameworksBuildPhase;
			buildActionMask = 2147483647;
			files = (
				FCA19B2228157E3A0010BBD1 /* ClippingBezier in Frameworks */,
			);
			runOnlyForDeploymentPostprocessing = 0;
		};
/* End PBXFrameworksBuildPhase section */

/* Begin PBXGroup section */
		FCA19B0028157C700010BBD1 = {
			isa = PBXGroup;
			children = (
				FCA19B0B28157C700010BBD1 /* SwiftClippingBez */,
				FCA19B0A28157C700010BBD1 /* Products */,
			);
			sourceTree = "<group>";
		};
		FCA19B0A28157C700010BBD1 /* Products */ = {
			isa = PBXGroup;
			children = (
				FCA19B0928157C700010BBD1 /* SwiftClippingBez.app */,
			);
			name = Products;
			sourceTree = "<group>";
		};
		FCA19B0B28157C700010BBD1 /* SwiftClippingBez */ = {
			isa = PBXGroup;
			children = (
				FCA19B0C28157C700010BBD1 /* AppDelegate.swift */,
				FCA19B0E28157C700010BBD1 /* SceneDelegate.swift */,
				FCA19B1028157C700010BBD1 /* ViewController.swift */,
				FCA19B2328157E920010BBD1 /* SamplePaths.swift */,
				FCA19B1228157C700010BBD1 /* Main.storyboard */,
				FCA19B1528157C730010BBD1 /* Assets.xcassets */,
				FCA19B1728157C730010BBD1 /* LaunchScreen.storyboard */,
				FCA19B1A28157C730010BBD1 /* Info.plist */,
			);
			path = SwiftClippingBez;
			sourceTree = "<group>";
		};
/* End PBXGroup section */

/* Begin PBXNativeTarget section */
		FCA19B0828157C700010BBD1 /* SwiftClippingBez */ = {
			isa = PBXNativeTarget;
			buildConfigurationList = FCA19B1D28157C730010BBD1 /* Build configuration list for PBXNativeTarget "SwiftClippingBez" */;
			buildPhases = (
				FCA19B0528157C700010BBD1 /* Sources */,
				FCA19B0628157C700010BBD1 /* Frameworks */,
				FCA19B0728157C700010BBD1 /* Resources */,
			);
			buildRules = (
			);
			dependencies = (
			);
			name = SwiftClippingBez;
			packageProductDependencies = (
				FCA19B2128157E3A0010BBD1 /* ClippingBezier */,
			);
			productName = SwiftClippingBez;
			productReference = FCA19B0928157C700010BBD1 /* SwiftClippingBez.app */;
			productType = "com.apple.product-type.application";
		};
/* End PBXNativeTarget section */

/* Begin PBXProject section */
		FCA19B0128157C700010BBD1 /* Project object */ = {
			isa = PBXProject;
			attributes = {
				BuildIndependentTargetsInParallel = 1;
				LastSwiftUpdateCheck = 1320;
				LastUpgradeCheck = 1320;
				TargetAttributes = {
					FCA19B0828157C700010BBD1 = {
						CreatedOnToolsVersion = 13.2.1;
					};
				};
			};
			buildConfigurationList = FCA19B0428157C700010BBD1 /* Build configuration list for PBXProject "SwiftClippingBez" */;
			compatibilityVersion = "Xcode 13.0";
			developmentRegion = en;
			hasScannedForEncodings = 0;
			knownRegions = (
				en,
				Base,
			);
			mainGroup = FCA19B0028157C700010BBD1;
			packageReferences = (
				FCA19B2028157E3A0010BBD1 /* XCRemoteSwiftPackageReference "ClippingBezier" */,
			);
			productRefGroup = FCA19B0A28157C700010BBD1 /* Products */;
			projectDirPath = "";
			projectRoot = "";
			targets = (
				FCA19B0828157C700010BBD1 /* SwiftClippingBez */,
			);
		};
/* End PBXProject section */

/* Begin PBXResourcesBuildPhase section */
		FCA19B0728157C700010BBD1 /* Resources */ = {
			isa = PBXResourcesBuildPhase;
			buildActionMask = 2147483647;
			files = (
				FCA19B1928157C730010BBD1 /* LaunchScreen.storyboard in Resources */,
				FCA19B1628157C730010BBD1 /* Assets.xcassets in Resources */,
				FCA19B1428157C700010BBD1 /* Main.storyboard in Resources */,
			);
			runOnlyForDeploymentPostprocessing = 0;
		};
/* End PBXResourcesBuildPhase section */

/* Begin PBXSourcesBuildPhase section */
		FCA19B0528157C700010BBD1 /* Sources */ = {
			isa = PBXSourcesBuildPhase;
			buildActionMask = 2147483647;
			files = (
				FCA19B1128157C700010BBD1 /* ViewController.swift in Sources */,
				FCA19B0D28157C700010BBD1 /* AppDelegate.swift in Sources */,
				FCA19B2428157E920010BBD1 /* SamplePaths.swift in Sources */,
				FCA19B0F28157C700010BBD1 /* SceneDelegate.swift in Sources */,
			);
			runOnlyForDeploymentPostprocessing = 0;
		};
/* End PBXSourcesBuildPhase section */

/* Begin PBXVariantGroup section */
		FCA19B1228157C700010BBD1 /* Main.storyboard */ = {
			isa = PBXVariantGroup;
			children = (
				FCA19B1328157C700010BBD1 /* Base */,
			);
			name = Main.storyboard;
			sourceTree = "<group>";
		};
		FCA19B1728157C730010BBD1 /* LaunchScreen.storyboard */ = {
			isa = PBXVariantGroup;
			children = (
				FCA19B1828157C730010BBD1 /* Base */,
			);
			name = LaunchScreen.storyboard;
			sourceTree = "<group>";
		};
/* End PBXVariantGroup section */

/* Begin XCBuildConfiguration section */
		FCA19B1B28157C730010BBD1 /* Debug */ = {
			isa = XCBuildConfiguration;
			buildSettings = {
				ALWAYS_SEARCH_USER_PATHS = NO;
				CLANG_ANALYZER_NONNULL = YES;
				CLANG_ANALYZER_NUMBER_OBJECT_CONVERSION = YES_AGGRESSIVE;
				CLANG_CXX_LANGUAGE_STANDARD = "gnu++17";
				CLANG_CXX_LIBRARY = "libc++";
				CLANG_ENABLE_MODULES = YES;
				CLANG_ENABLE_OBJC_ARC = YES;
				CLANG_ENABLE_OBJC_WEAK = YES;
				CLANG_WARN_BLOCK_CAPTURE_AUTORELEASING = YES;
				CLANG_WARN_BOOL_CONVERSION = YES;
				CLANG_WARN_COMMA = YES;
				CLANG_WARN_CONSTANT_CONVERSION = YES;
				CLANG_WARN_DEPRECATED_OBJC_IMPLEMENTATIONS = YES;
				CLANG_WARN_DIRECT_OBJC_ISA_USAGE = YES_ERROR;
				CLANG_WARN_DOCUMENTATION_COMMENTS = YES;
				CLANG_WARN_EMPTY_BODY = YES;
				CLANG_WARN_ENUM_CONVERSION = YES;
				CLANG_WARN_INFINITE_RECURSION = YES;
				CLANG_WARN_INT_CONVERSION = YES;
				CLANG_WARN_NON_LITERAL_NULL_CONVERSION = YES;
				CLANG_WARN_OBJC_IMPLICIT_RETAIN_SELF = YES;
				CLANG_WARN_OBJC_LITERAL_CONVERSION = YES;
				CLANG_WARN_OBJC_ROOT_CLASS = YES_ERROR;
				CLANG_WARN_QUOTED_INCLUDE_IN_FRAMEWORK_HEADER = YES;
				CLANG_WARN_RANGE_LOOP_ANALYSIS = YES;
				CLANG_WARN_STRICT_PROTOTYPES = YES;
				CLANG_WARN_SUSPICIOUS_MOVE = YES;
				CLANG_WARN_UNGUARDED_AVAILABILITY = YES_AGGRESSIVE;
				CLANG_WARN_UNREACHABLE_CODE = YES;
				CLANG_WARN__DUPLICATE_METHOD_MATCH = YES;
				COPY_PHASE_STRIP = NO;
				DEBUG_INFORMATION_FORMAT = dwarf;
				ENABLE_STRICT_OBJC_MSGSEND = YES;
				ENABLE_TESTABILITY = YES;
				GCC_C_LANGUAGE_STANDARD = gnu11;
				GCC_DYNAMIC_NO_PIC = NO;
				GCC_NO_COMMON_BLOCKS = YES;
				GCC_OPTIMIZATION_LEVEL = 0;
				GCC_PREPROCESSOR_DEFINITIONS = (
					"DEBUG=1",
					"$(inherited)",
				);
				GCC_WARN_64_TO_32_BIT_CONVERSION = YES;
				GCC_WARN_ABOUT_RETURN_TYPE = YES_ERROR;
				GCC_WARN_UNDECLARED_SELECTOR = YES;
				GCC_WARN_UNINITIALIZED_AUTOS = YES_AGGRESSIVE;
				GCC_WARN_UNUSED_FUNCTION = YES;
				GCC_WARN_UNUSED_VARIABLE = YES;
				IPHONEOS_DEPLOYMENT_TARGET = 13.0;
				MTL_ENABLE_DEBUG_INFO = INCLUDE_SOURCE;
				MTL_FAST_MATH = YES;
				ONLY_ACTIVE_ARCH = YES;
				SDKROOT = iphoneos;
				SWIFT_ACTIVE_COMPILATION_CONDITIONS = DEBUG;
				SWIFT_OPTIMIZATION_LEVEL = "-Onone";
			};
			name = Debug;
		};
		FCA19B1C28157C730010BBD1 /* Release */ = {
			isa = XCBuildConfiguration;
			buildSettings = {
				ALWAYS_SEARCH_USER_PATHS = NO;
				CLANG_ANALYZER_NONNULL = YES;
				CLANG_ANALYZER_NUMBER_OBJECT_CONVERSION = YES_AGGRESSIVE;
				CLANG_CXX_LANGUAGE_STANDARD = "gnu++17";
				CLANG_CXX_LIBRARY = "libc++";
				CLANG_ENABLE_MODULES = YES;
				CLANG_ENABLE_OBJC_ARC = YES;
				CLANG_ENABLE_OBJC_WEAK = YES;
				CLANG_WARN_BLOCK_CAPTURE_AUTORELEASING = YES;
				CLANG_WARN_BOOL_CONVERSION = YES;
				CLANG_WARN_COMMA = YES;
				CLANG_WARN_CONSTANT_CONVERSION = YES;
				CLANG_WARN_DEPRECATED_OBJC_IMPLEMENTATIONS = YES;
				CLANG_WARN_DIRECT_OBJC_ISA_USAGE = YES_ERROR;
				CLANG_WARN_DOCUMENTATION_COMMENTS = YES;
				CLANG_WARN_EMPTY_BODY = YES;
				CLANG_WARN_ENUM_CONVERSION = YES;
				CLANG_WARN_INFINITE_RECURSION = YES;
				CLANG_WARN_INT_CONVERSION = YES;
				CLANG_WARN_NON_LITERAL_NULL_CONVERSION = YES;
				CLANG_WARN_OBJC_IMPLICIT_RETAIN_SELF = YES;
				CLANG_WARN_OBJC_LITERAL_CONVERSION = YES;
				CLANG_WARN_OBJC_ROOT_CLASS = YES_ERROR;
				CLANG_WARN_QUOTED_INCLUDE_IN_FRAMEWORK_HEADER = YES;
				CLANG_WARN_RANGE_LOOP_ANALYSIS = YES;
				CLANG_WARN_STRICT_PROTOTYPES = YES;
				CLANG_WARN_SUSPICIOUS_MOVE = YES;
				CLANG_WARN_UNGUARDED_AVAILABILITY = YES_AGGRESSIVE;
				CLANG_WARN_UNREACHABLE_CODE = YES;
				CLANG_WARN__DUPLICATE_METHOD_MATCH = YES;
				COPY_PHASE_STRIP = NO;
				DEBUG_INFORMATION_FORMAT = "dwarf-with-dsym";
				ENABLE_NS_ASSERTIONS = NO;
				ENABLE_STRICT_OBJC_MSGSEND = YES;
				GCC_C_LANGUAGE_STANDARD = gnu11;
				GCC_NO_COMMON_BLOCKS = YES;
				GCC_WARN_64_TO_32_BIT_CONVERSION = YES;
				GCC_WARN_ABOUT_RETURN_TYPE = YES_ERROR;
				GCC_WARN_UNDECLARED_SELECTOR = YES;
				GCC_WARN_UNINITIALIZED_AUTOS = YES_AGGRESSIVE;
				GCC_WARN_UNUSED_FUNCTION = YES;
				GCC_WARN_UNUSED_VARIABLE = YES;
				IPHONEOS_DEPLOYMENT_TARGET = 13.0;
				MTL_ENABLE_DEBUG_INFO = NO;
				MTL_FAST_MATH = YES;
				SDKROOT = iphoneos;
				SWIFT_COMPILATION_MODE = wholemodule;
				SWIFT_OPTIMIZATION_LEVEL = "-O";
				VALIDATE_PRODUCT = YES;
			};
			name = Release;
		};
		FCA19B1E28157C730010BBD1 /* Debug */ = {
			isa = XCBuildConfiguration;
			buildSettings = {
				ASSETCATALOG_COMPILER_APPICON_NAME = AppIcon;
				ASSETCATALOG_COMPILER_GLOBAL_ACCENT_COLOR_NAME = AccentColor;
				CODE_SIGN_STYLE = Automatic;
				CURRENT_PROJECT_VERSION = 1;
				GENERATE_INFOPLIST_FILE = YES;
				INFOPLIST_FILE = SwiftClippingBez/Info.plist;
				INFOPLIST_KEY_UIApplicationSupportsIndirectInputEvents = YES;
				INFOPLIST_KEY_UILaunchStoryboardName = LaunchScreen;
				INFOPLIST_KEY_UIMainStoryboardFile = Main;
				INFOPLIST_KEY_UISupportedInterfaceOrientations_iPad = "UIInterfaceOrientationPortrait UIInterfaceOrientationPortraitUpsideDown UIInterfaceOrientationLandscapeLeft UIInterfaceOrientationLandscapeRight";
				INFOPLIST_KEY_UISupportedInterfaceOrientations_iPhone = "UIInterfaceOrientationPortrait UIInterfaceOrientationLandscapeLeft UIInterfaceOrientationLandscapeRight";
				LD_RUNPATH_SEARCH_PATHS = (
					"$(inherited)",
					"@executable_path/Frameworks",
				);
				MARKETING_VERSION = 1.0;
				PRODUCT_BUNDLE_IDENTIFIER = com.DonMag.SwiftClippingBez;
				PRODUCT_NAME = "$(TARGET_NAME)";
				SWIFT_EMIT_LOC_STRINGS = YES;
				SWIFT_VERSION = 5.0;
				TARGETED_DEVICE_FAMILY = "1,2";
			};
			name = Debug;
		};
		FCA19B1F28157C730010BBD1 /* Release */ = {
			isa = XCBuildConfiguration;
			buildSettings = {
				ASSETCATALOG_COMPILER_APPICON_NAME = AppIcon;
				ASSETCATALOG_COMPILER_GLOBAL_ACCENT_COLOR_NAME = AccentColor;
				CODE_SIGN_STYLE = Automatic;
				CURRENT_PROJECT_VERSION = 1;
				GENERATE_INFOPLIST_FILE = YES;
				INFOPLIST_FILE = SwiftClippingBez/Info.plist;
				INFOPLIST_KEY_UIApplicationSupportsIndirectInputEvents = YES;
				INFOPLIST_KEY_UILaunchStoryboardName = LaunchScreen;
				INFOPLIST_KEY_UIMainStoryboardFile = Main;
				INFOPLIST_KEY_UISupportedInterfaceOrientations_iPad = "UIInterfaceOrientationPortrait UIInterfaceOrientationPortraitUpsideDown UIInterfaceOrientationLandscapeLeft UIInterfaceOrientationLandscapeRight";
				INFOPLIST_KEY_UISupportedInterfaceOrientations_iPhone = "UIInterfaceOrientationPortrait UIInterfaceOrientationLandscapeLeft UIInterfaceOrientationLandscapeRight";
				LD_RUNPATH_SEARCH_PATHS = (
					"$(inherited)",
					"@executable_path/Frameworks",
				);
				MARKETING_VERSION = 1.0;
				PRODUCT_BUNDLE_IDENTIFIER = com.DonMag.SwiftClippingBez;
				PRODUCT_NAME = "$(TARGET_NAME)";
				SWIFT_EMIT_LOC_STRINGS = YES;
				SWIFT_VERSION = 5.0;
				TARGETED_DEVICE_FAMILY = "1,2";
			};
			name = Release;
		};
/* End XCBuildConfiguration section */

/* Begin XCConfigurationList section */
		FCA19B0428157C700010BBD1 /* Build configuration list for PBXProject "SwiftClippingBez" */ = {
			isa = XCConfigurationList;
			buildConfigurations = (
				FCA19B1B28157C730010BBD1 /* Debug */,
				FCA19B1C28157C730010BBD1 /* Release */,
			);
			defaultConfigurationIsVisible = 0;
			defaultConfigurationName = Release;
		};
		FCA19B1D28157C730010BBD1 /* Build configuration list for PBXNativeTarget "SwiftClippingBez" */ = {
			isa = XCConfigurationList;
			buildConfigurations = (
				FCA19B1E28157C730010BBD1 /* Debug */,
				FCA19B1F28157C730010BBD1 /* Release */,
			);
			defaultConfigurationIsVisible = 0;
			defaultConfigurationName = Release;
		};
/* End XCConfigurationList section */

/* Begin XCRemoteSwiftPackageReference section */
		FCA19B2028157E3A0010BBD1 /* XCRemoteSwiftPackageReference "ClippingBezier" */ = {
			isa = XCRemoteSwiftPackageReference;
			repositoryURL = "https://github.com/adamwulf/ClippingBezier";
			requirement = {
				kind = upToNextMajorVersion;
				minimumVersion = 1.0.0;
			};
		};
/* End XCRemoteSwiftPackageReference section */

/* Begin XCSwiftPackageProductDependency section */
		FCA19B2128157E3A0010BBD1 /* ClippingBezier */ = {
			isa = XCSwiftPackageProductDependency;
			package = FCA19B2028157E3A0010BBD1 /* XCRemoteSwiftPackageReference "ClippingBezier" */;
			productName = ClippingBezier;
		};
/* End XCSwiftPackageProductDependency section */
	};
	rootObject = FCA19B0128157C700010BBD1 /* Project object */;
}
